
Microsoft Visual Studio Solution File, Format Version 12.00
Project("{FAE04EC0-301F-11D3-BF4B-00C04F79EFBC}") = "KomorebiMonitor", "KomorebiMonitor\KomorebiMonitor.csproj", "{57BA8AA9-6B92-4D4B-99E0-FF47B24F943B}"
EndProject
Global
	GlobalSection(SolutionConfigurationPlatforms) = preSolution
		Debug|Any CPU = Debug|Any CPU
		Release|Any CPU = Release|Any CPU
	EndGlobalSection
	GlobalSection(ProjectConfigurationPlatforms) = postSolution
		{57BA8AA9-6B92-4D4B-99E0-FF47B24F943B}.Debug|Any CPU.ActiveCfg = Debug|Any CPU
		{57BA8AA9-6B92-4D4B-99E0-FF47B24F943B}.Debug|Any CPU.Build.0 = Debug|Any CPU
		{57BA8AA9-6B92-4D4B-99E0-FF47B24F943B}.Release|Any CPU.ActiveCfg = Release|Any CPU
		{57BA8AA9-6B92-4D4B-99E0-FF47B24F943B}.Release|Any CPU.Build.0 = Release|Any CPU
	EndGlobalSection
EndGlobal
